
Microsoft Visual Studio Solution File, Format Version 12.00
# Visual Studio 15
VisualStudioVersion = 15.0.26124.0
MinimumVisualStudioVersion = 15.0.26124.0
Project("{FAE04EC0-301F-11D3-BF4B-00C04F79EFBC}") = "SearchService.Deploy", "SearchService.Deploy\SearchService.Deploy.csproj", "{86A6FD51-EAEF-4439-BFE6-E2F539EFFC1C}"
EndProject
Project("{FAE04EC0-301F-11D3-BF4B-00C04F79EFBC}") = "SearchService", "SearchService\SearchService.csproj", "{03224143-9E13-4BD1-85FB-A7521AC43085}"
EndProject
Project("{FAE04EC0-301F-11D3-BF4B-00C04F79EFBC}") = "SearchService.Deploy.Lambda", "SearchService.Deploy.Lambda\SearchService.Deploy.Lambda.csproj", "{F54C4725-D366-4559-BC98-3222F5EA0B6C}"
EndProject
Global
	GlobalSection(SolutionConfigurationPlatforms) = preSolution
		Debug|Any CPU = Debug|Any CPU
		Debug|x64 = Debug|x64
		Debug|x86 = Debug|x86
		Release|Any CPU = Release|Any CPU
		Release|x64 = Release|x64
		Release|x86 = Release|x86
	EndGlobalSection
	GlobalSection(SolutionProperties) = preSolution
		HideSolutionNode = FALSE
	EndGlobalSection
	GlobalSection(ProjectConfigurationPlatforms) = postSolution
		{86A6FD51-EAEF-4439-BFE6-E2F539EFFC1C}.Debug|Any CPU.ActiveCfg = Debug|Any CPU
		{86A6FD51-EAEF-4439-BFE6-E2F539EFFC1C}.Debug|Any CPU.Build.0 = Debug|Any CPU
		{86A6FD51-EAEF-4439-BFE6-E2F539EFFC1C}.Debug|x64.ActiveCfg = Debug|Any CPU
		{86A6FD51-EAEF-4439-BFE6-E2F539EFFC1C}.Debug|x64.Build.0 = Debug|Any CPU
		{86A6FD51-EAEF-4439-BFE6-E2F539EFFC1C}.Debug|x86.ActiveCfg = Debug|Any CPU
		{86A6FD51-EAEF-4439-BFE6-E2F539EFFC1C}.Debug|x86.Build.0 = Debug|Any CPU
		{86A6FD51-EAEF-4439-BFE6-E2F539EFFC1C}.Release|Any CPU.ActiveCfg = Release|Any CPU
		{86A6FD51-EAEF-4439-BFE6-E2F539EFFC1C}.Release|Any CPU.Build.0 = Release|Any CPU
		{86A6FD51-EAEF-4439-BFE6-E2F539EFFC1C}.Release|x64.ActiveCfg = Release|Any CPU
		{86A6FD51-EAEF-4439-BFE6-E2F539EFFC1C}.Release|x64.Build.0 = Release|Any CPU
		{86A6FD51-EAEF-4439-BFE6-E2F539EFFC1C}.Release|x86.ActiveCfg = Release|Any CPU
		{86A6FD51-EAEF-4439-BFE6-E2F539EFFC1C}.Release|x86.Build.0 = Release|Any CPU
		{03224143-9E13-4BD1-85FB-A7521AC43085}.Debug|Any CPU.ActiveCfg = Debug|Any CPU
		{03224143-9E13-4BD1-85FB-A7521AC43085}.Debug|Any CPU.Build.0 = Debug|Any CPU
		{03224143-9E13-4BD1-85FB-A7521AC43085}.Debug|x64.ActiveCfg = Debug|Any CPU
		{03224143-9E13-4BD1-85FB-A7521AC43085}.Debug|x64.Build.0 = Debug|Any CPU
		{03224143-9E13-4BD1-85FB-A7521AC43085}.Debug|x86.ActiveCfg = Debug|Any CPU
		{03224143-9E13-4BD1-85FB-A7521AC43085}.Debug|x86.Build.0 = Debug|Any CPU
		{03224143-9E13-4BD1-85FB-A7521AC43085}.Release|Any CPU.ActiveCfg = Release|Any CPU
		{03224143-9E13-4BD1-85FB-A7521AC43085}.Release|Any CPU.Build.0 = Release|Any CPU
		{03224143-9E13-4BD1-85FB-A7521AC43085}.Release|x64.ActiveCfg = Release|Any CPU
		{03224143-9E13-4BD1-85FB-A7521AC43085}.Release|x64.Build.0 = Release|Any CPU
		{03224143-9E13-4BD1-85FB-A7521AC43085}.Release|x86.ActiveCfg = Release|Any CPU
		{03224143-9E13-4BD1-85FB-A7521AC43085}.Release|x86.Build.0 = Release|Any CPU
		{F54C4725-D366-4559-BC98-3222F5EA0B6C}.Debug|Any CPU.ActiveCfg = Debug|Any CPU
		{F54C4725-D366-4559-BC98-3222F5EA0B6C}.Debug|Any CPU.Build.0 = Debug|Any CPU
		{F54C4725-D366-4559-BC98-3222F5EA0B6C}.Debug|x64.ActiveCfg = Debug|Any CPU
		{F54C4725-D366-4559-BC98-3222F5EA0B6C}.Debug|x64.Build.0 = Debug|Any CPU
		{F54C4725-D366-4559-BC98-3222F5EA0B6C}.Debug|x86.ActiveCfg = Debug|Any CPU
		{F54C4725-D366-4559-BC98-3222F5EA0B6C}.Debug|x86.Build.0 = Debug|Any CPU
		{F54C4725-D366-4559-BC98-3222F5EA0B6C}.Release|Any CPU.ActiveCfg = Release|Any CPU
		{F54C4725-D366-4559-BC98-3222F5EA0B6C}.Release|Any CPU.Build.0 = Release|Any CPU
		{F54C4725-D366-4559-BC98-3222F5EA0B6C}.Release|x64.ActiveCfg = Release|Any CPU
		{F54C4725-D366-4559-BC98-3222F5EA0B6C}.Release|x64.Build.0 = Release|Any CPU
		{F54C4725-D366-4559-BC98-3222F5EA0B6C}.Release|x86.ActiveCfg = Release|Any CPU
		{F54C4725-D366-4559-BC98-3222F5EA0B6C}.Release|x86.Build.0 = Release|Any CPU
	EndGlobalSection
EndGlobal
